github.com/fish1/golibimagequant v0.0.1-alpha h1:KihkrC4ajqV0gbNnyVe15kQvcLkalVxToP4RDJbBswo=
github.com/fish1/golibimagequant v0.0.1-alpha/go.mod h1:4XGQB+3duA3mtIZgZtwfb8f7ant1QCjoJUmpTPsrWx8=
github.com/fish1/golibimagequant v0.0.2-alpha h1:8OLLUA8ovwoqaCuQwujoWHWdwGpRmI2pS5ws4qs/t40=
github.com/fish1/golibimagequant v0.0.2-alpha/go.mod h1:4XGQB+3duA3mtIZgZtwfb8f7ant1QCjoJUmpTPsrWx8=
github.com/fish1/golibimagequant v0.0.3-alpha h1:kx4a0iWslbyXkjeWEg7Ta3SHijYnUy7CxLJuqA6vbN8=
github.com/fish1/golibimagequant v0.0.3-alpha/go.mod h1:4XGQB+3duA3mtIZgZtwfb8f7ant1QCjoJUmpTPsrWx8=
github.com/fish1/golibimagequant v0.0.4 h1:RGzYLOWNsEQZG1RCALRep1djmFip30B3hLE6aal+njw=
github.com/fish1/golibimagequant v0.0.4/go.mod h1:4XGQB+3duA3mtIZgZtwfb8f7ant1QCjoJUmpTPsrWx8=
